
Microsoft Visual Studio Solution File, Format Version 12.00
# Visual Studio Version 17
VisualStudioVersion = 17.7.34202.233
MinimumVisualStudioVersion = 10.0.40219.1
Project("{888888A0-9F3D-457C-B088-3A5042F75D52}") = "PythonOS", "PythonOS.pyproj", "{C806D90B-797A-44D4-9BA6-2B403A1E674F}"
EndProject
Global
	GlobalSection(SolutionConfigurationPlatforms) = preSolution
		Debug|Any CPU = Debug|Any CPU
		Release|Any CPU = Release|Any CPU
	EndGlobalSection
	GlobalSection(ProjectConfigurationPlatforms) = postSolution
		{C806D90B-797A-44D4-9BA6-2B403A1E674F}.Debug|Any CPU.ActiveCfg = Debug|Any CPU
		{C806D90B-797A-44D4-9BA6-2B403A1E674F}.Release|Any CPU.ActiveCfg = Release|Any CPU
	EndGlobalSection
	GlobalSection(SolutionProperties) = preSolution
		HideSolutionNode = FALSE
	EndGlobalSection
	GlobalSection(ExtensibilityGlobals) = postSolution
		SolutionGuid = {A81E927C-9042-46EB-9CD7-0AB81F457865}
	EndGlobalSection
EndGlobal
